
Microsoft Visual Studio Solution File, Format Version 12.00
Project("{FAE04EC0-301F-11D3-BF4B-00C04F79EFBC}") = "Ada.Numbers", "Ada.Numbers\Ada.Numbers.csproj", "{A8ED060F-CA8D-4494-8863-73DD8FA96B7B}"
EndProject
Project("{FAE04EC0-301F-11D3-BF4B-00C04F79EFBC}") = "Ada.Numbers.Tests", "Ada.Numbers.Tests\Ada.Numbers.Tests.csproj", "{60A026A6-160E-4F59-9690-6DCD461C3B3A}"
EndProject
Global
	GlobalSection(SolutionConfigurationPlatforms) = preSolution
		Debug|Any CPU = Debug|Any CPU
		Release|Any CPU = Release|Any CPU
	EndGlobalSection
	GlobalSection(ProjectConfigurationPlatforms) = postSolution
		{A8ED060F-CA8D-4494-8863-73DD8FA96B7B}.Debug|Any CPU.ActiveCfg = Debug|Any CPU
		{A8ED060F-CA8D-4494-8863-73DD8FA96B7B}.Debug|Any CPU.Build.0 = Debug|Any CPU
		{A8ED060F-CA8D-4494-8863-73DD8FA96B7B}.Release|Any CPU.ActiveCfg = Release|Any CPU
		{A8ED060F-CA8D-4494-8863-73DD8FA96B7B}.Release|Any CPU.Build.0 = Release|Any CPU
		{60A026A6-160E-4F59-9690-6DCD461C3B3A}.Debug|Any CPU.ActiveCfg = Debug|Any CPU
		{60A026A6-160E-4F59-9690-6DCD461C3B3A}.Debug|Any CPU.Build.0 = Debug|Any CPU
		{60A026A6-160E-4F59-9690-6DCD461C3B3A}.Release|Any CPU.ActiveCfg = Release|Any CPU
		{60A026A6-160E-4F59-9690-6DCD461C3B3A}.Release|Any CPU.Build.0 = Release|Any CPU
	EndGlobalSection
EndGlobal
